
Microsoft Visual Studio Solution File, Format Version 12.00
# Visual Studio 15
Project("{FAE04EC0-301F-11D3-BF4B-00C04F79EFBC}") = "Assembly-CSharp", "Assembly-CSharp.csproj", "{99FB16A5-E5CC-5630-0119-83632C2D2F6D}"
EndProject
Project("{FAE04EC0-301F-11D3-BF4B-00C04F79EFBC}") = "Assembly-CSharp-Editor", "Assembly-CSharp-Editor.csproj", "{6A1C775C-C0B3-E723-5AD4-A56E18AF5868}"
EndProject
Global
	GlobalSection(SolutionConfigurationPlatforms) = preSolution
		Debug|Any CPU = Debug|Any CPU
		Release|Any CPU = Release|Any CPU
	EndGlobalSection
	GlobalSection(ProjectConfigurationPlatforms) = postSolution
		{99FB16A5-E5CC-5630-0119-83632C2D2F6D}.Debug|Any CPU.ActiveCfg = Debug|Any CPU
		{99FB16A5-E5CC-5630-0119-83632C2D2F6D}.Debug|Any CPU.Build.0 = Debug|Any CPU
		{99FB16A5-E5CC-5630-0119-83632C2D2F6D}.Release|Any CPU.ActiveCfg = Release|Any CPU
		{99FB16A5-E5CC-5630-0119-83632C2D2F6D}.Release|Any CPU.Build.0 = Release|Any CPU
		{6A1C775C-C0B3-E723-5AD4-A56E18AF5868}.Debug|Any CPU.ActiveCfg = Debug|Any CPU
		{6A1C775C-C0B3-E723-5AD4-A56E18AF5868}.Debug|Any CPU.Build.0 = Debug|Any CPU
		{6A1C775C-C0B3-E723-5AD4-A56E18AF5868}.Release|Any CPU.ActiveCfg = Release|Any CPU
		{6A1C775C-C0B3-E723-5AD4-A56E18AF5868}.Release|Any CPU.Build.0 = Release|Any CPU
	EndGlobalSection
	GlobalSection(SolutionProperties) = preSolution
		HideSolutionNode = FALSE
	EndGlobalSection
	GlobalSection(MonoDevelopProperties) = preSolution
		StartupItem = Assembly-CSharp.csproj
	EndGlobalSection
EndGlobal
